lockfileVersion: '9.0'

settings:
  autoInstallPeers: true
  excludeLinksFromLockfile: false

importers:

  .:
    dependencies:
      js-yaml:
        specifier: 4.3.0
        version: 4.3.0

packages:

  argparse@2.0.1:
    resolution: {integrity: sha512-tD40eHxA35h0PEIZNeIjkHoDR4YjjJp34biM0mDvplBe//mB+IHCqHDGV7pxF+7MklTvighcCPPZC7ynWyjdTA==}

  js-yaml@4.3.0:
    resolution: {integrity: sha512-1td788aAnnZ5qs7V2QIRl1owjtYpbKt749Y3xauqQgwIIGF/xXWz1wMTEBx5O3LK3lXLVuqXPdPxj2BoFHaW9Q==}
    hasBin: true

snapshots:

  argparse@2.0.1: {}

  js-yaml@4.3.0:
    dependencies:
      argparse: 2.0.1
